PODS:
  - AvailableHapticFeedback (1.0.0)
  - MiniLayout (1.4.1)
  - MultiSlider (1.9.3):
    - AvailableHapticFeedback
    - MiniLayout
  - Nimble (8.0.2)
  - Quick (2.1.0)
  - RangeEntry (0.1.0):
    - MultiSlider

DEPENDENCIES:
  - MultiSlider
  - Nimble
  - Quick
  - RangeEntry (from `../`)

SPEC REPOS:
  https://github.com/cocoapods/specs.git:
    - AvailableHapticFeedback
    - MiniLayout
    - MultiSlider
    - Nimble
    - Quick

EXTERNAL SOURCES:
  RangeEntry:
    :path: "../"

SPEC CHECKSUMS:
  AvailableHapticFeedback: dbd483684e693281b85e671d95ac3593dfbad34f
  MiniLayout: bd42e3763700c3002f39ff3b36dc8a027ea5078a
  MultiSlider: 833e67dce51206bf93e43b3cab7b334a6f6430c8
  Nimble: 622629381bda1dd5678162f21f1368cec7cbba60
  Quick: 4be43f6634acfa727dd106bdf3929ce125ffa79d
  RangeEntry: cfb130ecabf6557bf6cb8078837aa885e75b2c91

PODFILE CHECKSUM: 40189e8c116c64f921926cb122af8afe2a5c9928

COCOAPODS: 1.7.1
